// !$*UTF8*$!
{
	archiveVersion = 1;
	classes = {
	};
	objectVersion = 60;
	objects = {

/* Begin PBXBuildFile section */
		E33B07A72AA4965C00BD57D5 /* App.swift in Sources */ = {isa = PBXBuildFile; fileRef = E33B07A62AA4965C00BD57D5 /* App.swift */; };
		E33B07A92AA4965C00BD57D5 /* MainScreen.swift in Sources */ = {isa = PBXBuildFile; fileRef = E33B07A82AA4965C00BD57D5 /* MainScreen.swift */; };
		E33B07AB2AA4965D00BD57D5 /* Assets.xcassets in Resources */ = {isa = PBXBuildFile; fileRef = E33B07AA2AA4965D00BD57D5 /* Assets.xcassets */; };
		E33B07F42AA4975C00BD57D5 /* Web Extension.appex in Embed Foundation Extensions */ = {isa = PBXBuildFile; fileRef = E33B07DB2AA4975C00BD57D5 /* Web Extension.appex */; settings = {ATTRIBUTES = (RemoveHeadersOnCopy, ); }; };
		E33B07FA2AA499F800BD57D5 /* Utilities.swift in Sources */ = {isa = PBXBuildFile; fileRef = E33B07F92AA499F800BD57D5 /* Utilities.swift */; };
		E33B08142AA4A28300BD57D5 /* SafariWebExtensionHandler.swift in Sources */ = {isa = PBXBuildFile; fileRef = E33B07BB2AA496EE00BD57D5 /* SafariWebExtensionHandler.swift */; };
		E33B08332AA4AD7900BD57D5 /* assets in Resources */ = {isa = PBXBuildFile; fileRef = E33B08312AA4AD7900BD57D5 /* assets */; };
		E33B08362AA4AD8C00BD57D5 /* manifest.json in Resources */ = {isa = PBXBuildFile; fileRef = E33B08342AA4AD8C00BD57D5 /* manifest.json */; };
		E33B08382AA4F6B500BD57D5 /* Constants.swift in Sources */ = {isa = PBXBuildFile; fileRef = E33B08372AA4F6B500BD57D5 /* Constants.swift */; };
/* End PBXBuildFile section */

/* Begin PBXContainerItemProxy section */
		E33B07F22AA4975C00BD57D5 /* PBXContainerItemProxy */ = {
			isa = PBXContainerItemProxy;
			containerPortal = E33B079B2AA4965C00BD57D5 /* Project object */;
			proxyType = 1;
			remoteGlobalIDString = E33B07DA2AA4975C00BD57D5;
			remoteInfo = "Web Extension - iOS";
		};
/* End PBXContainerItemProxy section */

/* Begin PBXCopyFilesBuildPhase section */
		E33B07D32AA496EE00BD57D5 /* Embed Foundation Extensions */ = {
			isa = PBXCopyFilesBuildPhase;
			buildActionMask = 2147483647;
			dstPath = "";
			dstSubfolderSpec = 13;
			files = (
				E33B07F42AA4975C00BD57D5 /* Web Extension.appex in Embed Foundation Extensions */,
			);
			name = "Embed Foundation Extensions";
			runOnlyForDeploymentPostprocessing = 0;
		};
/* End PBXCopyFilesBuildPhase section */

/* Begin PBXFileReference section */
		E314AFCE2AB83A83008632D1 /* Web Extension.entitlements */ = {isa = PBXFileReference; lastKnownFileType = text.plist.entitlements; path = "Web Extension.entitlements"; sourceTree = "<group>"; };
		E33B07A32AA4965C00BD57D5 /* Refined GitHub.app */ = {isa = PBXFileReference; explicitFileType = wrapper.application; includeInIndex = 0; path = "Refined GitHub.app"; sourceTree = BUILT_PRODUCTS_DIR; };
		E33B07A62AA4965C00BD57D5 /* App.swift */ = {isa = PBXFileReference; lastKnownFileType = sourcecode.swift; path = App.swift; sourceTree = "<group>"; };
		E33B07A82AA4965C00BD57D5 /* MainScreen.swift */ = {isa = PBXFileReference; lastKnownFileType = sourcecode.swift; path = MainScreen.swift; sourceTree = "<group>"; };
		E33B07AA2AA4965D00BD57D5 /* Assets.xcassets */ = {isa = PBXFileReference; lastKnownFileType = folder.assetcatalog; path = Assets.xcassets; sourceTree = "<group>"; };
		E33B07AF2AA4965D00BD57D5 /* Refined_GitHub.entitlements */ = {isa = PBXFileReference; lastKnownFileType = text.plist.entitlements; path = Refined_GitHub.entitlements; sourceTree = "<group>"; };
		E33B07BB2AA496EE00BD57D5 /* SafariWebExtensionHandler.swift */ = {isa = PBXFileReference; lastKnownFileType = sourcecode.swift; path = SafariWebExtensionHandler.swift; sourceTree = "<group>"; };
		E33B07CE2AA496EE00BD57D5 /* Info.plist */ = {isa = PBXFileReference; lastKnownFileType = text.plist.xml; path = Info.plist; sourceTree = "<group>"; };
		E33B07CF2AA496EE00BD57D5 /* Web_Extension.entitlements */ = {isa = PBXFileReference; lastKnownFileType = text.plist.entitlements; path = Web_Extension.entitlements; sourceTree = "<group>"; };
		E33B07DB2AA4975C00BD57D5 /* Web Extension.appex */ = {isa = PBXFileReference; explicitFileType = "wrapper.app-extension"; includeInIndex = 0; path = "Web Extension.appex"; sourceTree = BUILT_PRODUCTS_DIR; };
		E33B07F82AA498CC00BD57D5 /* Config.xcconfig */ = {isa = PBXFileReference; lastKnownFileType = text.xcconfig; path = Config.xcconfig; sourceTree = "<group>"; };
		E33B07F92AA499F800BD57D5 /* Utilities.swift */ = {isa = PBXFileReference; lastKnownFileType = sourcecode.swift; path = Utilities.swift; sourceTree = "<group>"; };
		E33B07FB2AA49A2700BD57D5 /* Info.plist */ = {isa = PBXFileReference; lastKnownFileType = text.plist.xml; path = Info.plist; sourceTree = "<group>"; };
		E33B08312AA4AD7900BD57D5 /* assets */ = {isa = PBXFileReference; lastKnownFileType = folder; name = assets; path = ../../../distribution/assets; sourceTree = "<group>"; };
		E33B08342AA4AD8C00BD57D5 /* manifest.json */ = {isa = PBXFileReference; fileEncoding = 4; lastKnownFileType = text.json; name = manifest.json; path = ../../../distribution/manifest.json; sourceTree = "<group>"; };
		E33B08372AA4F6B500BD57D5 /* Constants.swift */ = {isa = PBXFileReference; lastKnownFileType = sourcecode.swift; path = Constants.swift; sourceTree = "<group>"; };
/* End PBXFileReference section */

/* Begin PBXFrameworksBuildPhase section */
		E33B07A02AA4965C00BD57D5 /* Frameworks */ = {
			isa = PBXFrameworksBuildPhase;
			buildActionMask = 2147483647;
			files = (
			);
			runOnlyForDeploymentPostprocessing = 0;
		};
		E33B07D82AA4975C00BD57D5 /* Frameworks */ = {
			isa = PBXFrameworksBuildPhase;
			buildActionMask = 2147483647;
			files = (
			);
			runOnlyForDeploymentPostprocessing = 0;
		};
/* End PBXFrameworksBuildPhase section */

/* Begin PBXGroup section */
		E33B079A2AA4965C00BD57D5 = {
			isa = PBXGroup;
			children = (
				E33B07F82AA498CC00BD57D5 /* Config.xcconfig */,
				E33B07A52AA4965C00BD57D5 /* Refined GitHub */,
				E33B07BA2AA496EE00BD57D5 /* Web Extension */,
				E33B07A42AA4965C00BD57D5 /* Products */,
			);
			sourceTree = "<group>";
		};
		E33B07A42AA4965C00BD57D5 /* Products */ = {
			isa = PBXGroup;
			children = (
				E33B07A32AA4965C00BD57D5 /* Refined GitHub.app */,
				E33B07DB2AA4975C00BD57D5 /* Web Extension.appex */,
			);
			name = Products;
			sourceTree = "<group>";
		};
		E33B07A52AA4965C00BD57D5 /* Refined GitHub */ = {
			isa = PBXGroup;
			children = (
				E33B07A62AA4965C00BD57D5 /* App.swift */,
				E33B08372AA4F6B500BD57D5 /* Constants.swift */,
				E33B07A82AA4965C00BD57D5 /* MainScreen.swift */,
				E33B07F92AA499F800BD57D5 /* Utilities.swift */,
				E33B07AA2AA4965D00BD57D5 /* Assets.xcassets */,
				E33B07FB2AA49A2700BD57D5 /* Info.plist */,
				E33B07AF2AA4965D00BD57D5 /* Refined_GitHub.entitlements */,
			);
			path = "Refined GitHub";
			sourceTree = "<group>";
		};
		E33B07BA2AA496EE00BD57D5 /* Web Extension */ = {
			isa = PBXGroup;
			children = (
				E314AFCE2AB83A83008632D1 /* Web Extension.entitlements */,
				E33B07BB2AA496EE00BD57D5 /* SafariWebExtensionHandler.swift */,
				E33B07CE2AA496EE00BD57D5 /* Info.plist */,
				E33B07CF2AA496EE00BD57D5 /* Web_Extension.entitlements */,
				E33B07BD2AA496EE00BD57D5 /* Resources */,
			);
			path = "Web Extension";
			sourceTree = "<group>";
		};
		E33B07BD2AA496EE00BD57D5 /* Resources */ = {
			isa = PBXGroup;
			children = (
				E33B08342AA4AD8C00BD57D5 /* manifest.json */,
				E33B08312AA4AD7900BD57D5 /* assets */,
			);
			path = Resources;
			sourceTree = "<group>";
		};
/* End PBXGroup section */

/* Begin PBXNativeTarget section */
		E33B07A22AA4965C00BD57D5 /* Refined GitHub */ = {
			isa = PBXNativeTarget;
			buildConfigurationList = E33B07B22AA4965D00BD57D5 /* Build configuration list for PBXNativeTarget "Refined GitHub" */;
			buildPhases = (
				E33B079F2AA4965C00BD57D5 /* Sources */,
				E33B07A02AA4965C00BD57D5 /* Frameworks */,
				E33B07A12AA4965C00BD57D5 /* Resources */,
				E33B07D32AA496EE00BD57D5 /* Embed Foundation Extensions */,
			);
			buildRules = (
			);
			dependencies = (
				E33B07F32AA4975C00BD57D5 /* PBXTargetDependency */,
			);
			name = "Refined GitHub";
			productName = "Refined GitHub";
			productReference = E33B07A32AA4965C00BD57D5 /* Refined GitHub.app */;
			productType = "com.apple.product-type.application";
		};
		E33B07DA2AA4975C00BD57D5 /* Web Extension */ = {
			isa = PBXNativeTarget;
			buildConfigurationList = E33B07F52AA4975C00BD57D5 /* Build configuration list for PBXNativeTarget "Web Extension" */;
			buildPhases = (
				E33B07D72AA4975C00BD57D5 /* Sources */,
				E33B07D82AA4975C00BD57D5 /* Frameworks */,
				E33B07D92AA4975C00BD57D5 /* Resources */,
			);
			buildRules = (
			);
			dependencies = (
			);
			name = "Web Extension";
			productName = "Web Extension - iOS";
			productReference = E33B07DB2AA4975C00BD57D5 /* Web Extension.appex */;
			productType = "com.apple.product-type.app-extension";
		};
/* End PBXNativeTarget section */

/* Begin PBXProject section */
		E33B079B2AA4965C00BD57D5 /* Project object */ = {
			isa = PBXProject;
			attributes = {
				BuildIndependentTargetsInParallel = 1;
				LastSwiftUpdateCheck = 1430;
				LastUpgradeCheck = 1500;
				TargetAttributes = {
					E33B07A22AA4965C00BD57D5 = {
						CreatedOnToolsVersion = 14.3.1;
					};
					E33B07DA2AA4975C00BD57D5 = {
						CreatedOnToolsVersion = 14.3.1;
					};
				};
			};
			buildConfigurationList = E33B079E2AA4965C00BD57D5 /* Build configuration list for PBXProject "Refined GitHub" */;
			compatibilityVersion = "Xcode 15.0";
			developmentRegion = en;
			hasScannedForEncodings = 0;
			knownRegions = (
				en,
				Base,
			);
			mainGroup = E33B079A2AA4965C00BD57D5;
			productRefGroup = E33B07A42AA4965C00BD57D5 /* Products */;
			projectDirPath = "";
			projectRoot = "";
			targets = (
				E33B07A22AA4965C00BD57D5 /* Refined GitHub */,
				E33B07DA2AA4975C00BD57D5 /* Web Extension */,
			);
		};
/* End PBXProject section */

/* Begin PBXResourcesBuildPhase section */
		E33B07A12AA4965C00BD57D5 /* Resources */ = {
			isa = PBXResourcesBuildPhase;
			buildActionMask = 2147483647;
			files = (
				E33B07AB2AA4965D00BD57D5 /* Assets.xcassets in Resources */,
			);
			runOnlyForDeploymentPostprocessing = 0;
		};
		E33B07D92AA4975C00BD57D5 /* Resources */ = {
			isa = PBXResourcesBuildPhase;
			buildActionMask = 2147483647;
			files = (
				E33B08362AA4AD8C00BD57D5 /* manifest.json in Resources */,
				E33B08332AA4AD7900BD57D5 /* assets in Resources */,
			);
			runOnlyForDeploymentPostprocessing = 0;
		};
/* End PBXResourcesBuildPhase section */

/* Begin PBXSourcesBuildPhase section */
		E33B079F2AA4965C00BD57D5 /* Sources */ = {
			isa = PBXSourcesBuildPhase;
			buildActionMask = 2147483647;
			files = (
				E33B07FA2AA499F800BD57D5 /* Utilities.swift in Sources */,
				E33B07A92AA4965C00BD57D5 /* MainScreen.swift in Sources */,
				E33B07A72AA4965C00BD57D5 /* App.swift in Sources */,
				E33B08382AA4F6B500BD57D5 /* Constants.swift in Sources */,
			);
			runOnlyForDeploymentPostprocessing = 0;
		};
		E33B07D72AA4975C00BD57D5 /* Sources */ = {
			isa = PBXSourcesBuildPhase;
			buildActionMask = 2147483647;
			files = (
				E33B08142AA4A28300BD57D5 /* SafariWebExtensionHandler.swift in Sources */,
			);
			runOnlyForDeploymentPostprocessing = 0;
		};
/* End PBXSourcesBuildPhase section */

/* Begin PBXTargetDependency section */
		E33B07F32AA4975C00BD57D5 /* PBXTargetDependency */ = {
			isa = PBXTargetDependency;
			target = E33B07DA2AA4975C00BD57D5 /* Web Extension */;
			targetProxy = E33B07F22AA4975C00BD57D5 /* PBXContainerItemProxy */;
		};
/* End PBXTargetDependency section */

/* Begin XCBuildConfiguration section */
		E33B07B02AA4965D00BD57D5 /* Debug */ = {
			isa = XCBuildConfiguration;
			baseConfigurationReference = E33B07F82AA498CC00BD57D5 /* Config.xcconfig */;
			buildSettings = {
				ALWAYS_SEARCH_USER_PATHS = NO;
				ASSETCATALOG_COMPILER_GENERATE_SWIFT_ASSET_SYMBOL_EXTENSIONS = YES;
				CLANG_ANALYZER_NONNULL = YES;
				CLANG_ANALYZER_NUMBER_OBJECT_CONVERSION = YES_AGGRESSIVE;
				CLANG_CXX_LANGUAGE_STANDARD = "gnu++20";
				CLANG_ENABLE_MODULES = YES;
				CLANG_ENABLE_OBJC_ARC = YES;
				CLANG_ENABLE_OBJC_WEAK = YES;
				CLANG_WARN_BLOCK_CAPTURE_AUTORELEASING = YES;
				CLANG_WARN_BOOL_CONVERSION = YES;
				CLANG_WARN_COMMA = YES;
				CLANG_WARN_CONSTANT_CONVERSION = YES;
				CLANG_WARN_DEPRECATED_OBJC_IMPLEMENTATIONS = YES;
				CLANG_WARN_DIRECT_OBJC_ISA_USAGE = YES_ERROR;
				CLANG_WARN_DOCUMENTATION_COMMENTS = YES;
				CLANG_WARN_EMPTY_BODY = YES;
				CLANG_WARN_ENUM_CONVERSION = YES;
				CLANG_WARN_INFINITE_RECURSION = YES;
				CLANG_WARN_INT_CONVERSION = YES;
				CLANG_WARN_NON_LITERAL_NULL_CONVERSION = YES;
				CLANG_WARN_OBJC_IMPLICIT_RETAIN_SELF = YES;
				CLANG_WARN_OBJC_LITERAL_CONVERSION = YES;
				CLANG_WARN_OBJC_ROOT_CLASS = YES_ERROR;
				CLANG_WARN_QUOTED_INCLUDE_IN_FRAMEWORK_HEADER = YES;
				CLANG_WARN_RANGE_LOOP_ANALYSIS = YES;
				CLANG_WARN_STRICT_PROTOTYPES = YES;
				CLANG_WARN_SUSPICIOUS_MOVE = YES;
				CLANG_WARN_UNGUARDED_AVAILABILITY = YES_AGGRESSIVE;
				CLANG_WARN_UNREACHABLE_CODE = YES;
				CLANG_WARN__DUPLICATE_METHOD_MATCH = YES;
				COPY_PHASE_STRIP = NO;
				DEAD_CODE_STRIPPING = YES;
				DEBUG_INFORMATION_FORMAT = dwarf;
				ENABLE_STRICT_OBJC_MSGSEND = YES;
				ENABLE_TESTABILITY = YES;
				ENABLE_USER_SCRIPT_SANDBOXING = YES;
				GCC_C_LANGUAGE_STANDARD = gnu11;
				GCC_DYNAMIC_NO_PIC = NO;
				GCC_NO_COMMON_BLOCKS = YES;
				GCC_OPTIMIZATION_LEVEL = 0;
				GCC_PREPROCESSOR_DEFINITIONS = (
					"DEBUG=1",
					"$(inherited)",
				);
				GCC_WARN_64_TO_32_BIT_CONVERSION = YES;
				GCC_WARN_ABOUT_RETURN_TYPE = YES_ERROR;
				GCC_WARN_UNDECLARED_SELECTOR = YES;
				GCC_WARN_UNINITIALIZED_AUTOS = YES_AGGRESSIVE;
				GCC_WARN_UNUSED_FUNCTION = YES;
				GCC_WARN_UNUSED_VARIABLE = YES;
				IPHONEOS_DEPLOYMENT_TARGET = 16.4;
				MACOSX_DEPLOYMENT_TARGET = 13.3;
				MTL_ENABLE_DEBUG_INFO = INCLUDE_SOURCE;
				MTL_FAST_MATH = YES;
				ONLY_ACTIVE_ARCH = YES;
				SDKROOT = macosx;
				SWIFT_ACTIVE_COMPILATION_CONDITIONS = DEBUG;
				SWIFT_OPTIMIZATION_LEVEL = "-Onone";
			};
			name = Debug;
		};
		E33B07B12AA4965D00BD57D5 /* Release */ = {
			isa = XCBuildConfiguration;
			baseConfigurationReference = E33B07F82AA498CC00BD57D5 /* Config.xcconfig */;
			buildSettings = {
				ALWAYS_SEARCH_USER_PATHS = NO;
				ASSETCATALOG_COMPILER_GENERATE_SWIFT_ASSET_SYMBOL_EXTENSIONS = YES;
				CLANG_ANALYZER_NONNULL = YES;
				CLANG_ANALYZER_NUMBER_OBJECT_CONVERSION = YES_AGGRESSIVE;
				CLANG_CXX_LANGUAGE_STANDARD = "gnu++20";
				CLANG_ENABLE_MODULES = YES;
				CLANG_ENABLE_OBJC_ARC = YES;
				CLANG_ENABLE_OBJC_WEAK = YES;
				CLANG_WARN_BLOCK_CAPTURE_AUTORELEASING = YES;
				CLANG_WARN_BOOL_CONVERSION = YES;
				CLANG_WARN_COMMA = YES;
				CLANG_WARN_CONSTANT_CONVERSION = YES;
				CLANG_WARN_DEPRECATED_OBJC_IMPLEMENTATIONS = YES;
				CLANG_WARN_DIRECT_OBJC_ISA_USAGE = YES_ERROR;
				CLANG_WARN_DOCUMENTATION_COMMENTS = YES;
				CLANG_WARN_EMPTY_BODY = YES;
				CLANG_WARN_ENUM_CONVERSION = YES;
				CLANG_WARN_INFINITE_RECURSION = YES;
				CLANG_WARN_INT_CONVERSION = YES;
				CLANG_WARN_NON_LITERAL_NULL_CONVERSION = YES;
				CLANG_WARN_OBJC_IMPLICIT_RETAIN_SELF = YES;
				CLANG_WARN_OBJC_LITERAL_CONVERSION = YES;
				CLANG_WARN_OBJC_ROOT_CLASS = YES_ERROR;
				CLANG_WARN_QUOTED_INCLUDE_IN_FRAMEWORK_HEADER = YES;
				CLANG_WARN_RANGE_LOOP_ANALYSIS = YES;
				CLANG_WARN_STRICT_PROTOTYPES = YES;
				CLANG_WARN_SUSPICIOUS_MOVE = YES;
				CLANG_WARN_UNGUARDED_AVAILABILITY = YES_AGGRESSIVE;
				CLANG_WARN_UNREACHABLE_CODE = YES;
				CLANG_WARN__DUPLICATE_METHOD_MATCH = YES;
				COPY_PHASE_STRIP = NO;
				DEAD_CODE_STRIPPING = YES;
				DEBUG_INFORMATION_FORMAT = "dwarf-with-dsym";
				ENABLE_NS_ASSERTIONS = NO;
				ENABLE_STRICT_OBJC_MSGSEND = YES;
				ENABLE_USER_SCRIPT_SANDBOXING = YES;
				GCC_C_LANGUAGE_STANDARD = gnu11;
				GCC_NO_COMMON_BLOCKS = YES;
				GCC_WARN_64_TO_32_BIT_CONVERSION = YES;
				GCC_WARN_ABOUT_RETURN_TYPE = YES_ERROR;
				GCC_WARN_UNDECLARED_SELECTOR = YES;
				GCC_WARN_UNINITIALIZED_AUTOS = YES_AGGRESSIVE;
				GCC_WARN_UNUSED_FUNCTION = YES;
				GCC_WARN_UNUSED_VARIABLE = YES;
				IPHONEOS_DEPLOYMENT_TARGET = 16.4;
				MACOSX_DEPLOYMENT_TARGET = 13.3;
				MTL_ENABLE_DEBUG_INFO = NO;
				MTL_FAST_MATH = YES;
				SDKROOT = macosx;
				SWIFT_COMPILATION_MODE = wholemodule;
				SWIFT_OPTIMIZATION_LEVEL = "-O";
			};
			name = Release;
		};
		E33B07B32AA4965D00BD57D5 /* Debug */ = {
			isa = XCBuildConfiguration;
			buildSettings = {
				ALWAYS_EMBED_SWIFT_STANDARD_LIBRARIES = YES;
				ASSETCATALOG_COMPILER_APPICON_NAME = AppIcon;
				ASSETCATALOG_COMPILER_GLOBAL_ACCENT_COLOR_NAME = AccentColor;
				CODE_SIGN_ENTITLEMENTS = "Refined GitHub/Refined_GitHub.entitlements";
				CODE_SIGN_IDENTITY = "Apple Development";
				"CODE_SIGN_IDENTITY[sdk=macosx*]" = "-";
				CODE_SIGN_STYLE = Automatic;
				COMBINE_HIDPI_IMAGES = YES;
				DEAD_CODE_STRIPPING = YES;
				DEVELOPMENT_TEAM = YG56YK5RN5;
				ENABLE_HARDENED_RUNTIME = YES;
				ENABLE_PREVIEWS = YES;
				GENERATE_INFOPLIST_FILE = YES;
				INFOPLIST_FILE = "Refined GitHub/Info.plist";
				INFOPLIST_KEY_LSApplicationCategoryType = "public.app-category.developer-tools";
				INFOPLIST_KEY_NSHumanReadableCopyright = "";
				INFOPLIST_KEY_UILaunchScreen_Generation = YES;
				INFOPLIST_KEY_UIRequiresFullScreen = YES;
				INFOPLIST_KEY_UISupportedInterfaceOrientations = "UIInterfaceOrientationLandscapeLeft UIInterfaceOrientationLandscapeRight UIInterfaceOrientationPortrait";
				INFOPLIST_KEY_UISupportedInterfaceOrientations_iPad = "UIInterfaceOrientationLandscapeLeft UIInterfaceOrientationLandscapeRight UIInterfaceOrientationPortrait UIInterfaceOrientationPortraitUpsideDown";
				LD_RUNPATH_SEARCH_PATHS = (
					"$(inherited)",
					"@executable_path/../Frameworks",
				);
				PRODUCT_BUNDLE_IDENTIFIER = "com.sindresorhus.Refined-GitHub";
				PRODUCT_NAME = "$(TARGET_NAME)";
				PROVISIONING_PROFILE_SPECIFIER = "";
				SUPPORTED_PLATFORMS = "iphoneos iphonesimulator macosx";
				SUPPORTS_MACCATALYST = NO;
				SUPPORTS_MAC_DESIGNED_FOR_IPHONE_IPAD = NO;
				SUPPORTS_XR_DESIGNED_FOR_IPHONE_IPAD = YES;
				SWIFT_EMIT_LOC_STRINGS = YES;
				SWIFT_VERSION = 5.0;
				TARGETED_DEVICE_FAMILY = "1,2";
			};
			name = Debug;
		};
		E33B07B42AA4965D00BD57D5 /* Release */ = {
			isa = XCBuildConfiguration;
			buildSettings = {
				ALWAYS_EMBED_SWIFT_STANDARD_LIBRARIES = YES;
				ASSETCATALOG_COMPILER_APPICON_NAME = AppIcon;
				ASSETCATALOG_COMPILER_GLOBAL_ACCENT_COLOR_NAME = AccentColor;
				CODE_SIGN_ENTITLEMENTS = "Refined GitHub/Refined_GitHub.entitlements";
				CODE_SIGN_IDENTITY = "Apple Development";
				"CODE_SIGN_IDENTITY[sdk=macosx*]" = "-";
				CODE_SIGN_STYLE = Automatic;
				COMBINE_HIDPI_IMAGES = YES;
				DEAD_CODE_STRIPPING = YES;
				DEVELOPMENT_TEAM = YG56YK5RN5;
				ENABLE_HARDENED_RUNTIME = YES;
				ENABLE_PREVIEWS = YES;
				GENERATE_INFOPLIST_FILE = YES;
				INFOPLIST_FILE = "Refined GitHub/Info.plist";
				INFOPLIST_KEY_LSApplicationCategoryType = "public.app-category.developer-tools";
				INFOPLIST_KEY_NSHumanReadableCopyright = "";
				INFOPLIST_KEY_UILaunchScreen_Generation = YES;
				INFOPLIST_KEY_UIRequiresFullScreen = YES;
				INFOPLIST_KEY_UISupportedInterfaceOrientations = "UIInterfaceOrientationLandscapeLeft UIInterfaceOrientationLandscapeRight UIInterfaceOrientationPortrait";
				INFOPLIST_KEY_UISupportedInterfaceOrientations_iPad = "UIInterfaceOrientationLandscapeLeft UIInterfaceOrientationLandscapeRight UIInterfaceOrientationPortrait UIInterfaceOrientationPortraitUpsideDown";
				LD_RUNPATH_SEARCH_PATHS = (
					"$(inherited)",
					"@executable_path/../Frameworks",
				);
				PRODUCT_BUNDLE_IDENTIFIER = "com.sindresorhus.Refined-GitHub";
				PRODUCT_NAME = "$(TARGET_NAME)";
				PROVISIONING_PROFILE_SPECIFIER = "";
				SUPPORTED_PLATFORMS = "iphoneos iphonesimulator macosx";
				SUPPORTS_MACCATALYST = NO;
				SUPPORTS_MAC_DESIGNED_FOR_IPHONE_IPAD = NO;
				SUPPORTS_XR_DESIGNED_FOR_IPHONE_IPAD = YES;
				SWIFT_EMIT_LOC_STRINGS = YES;
				SWIFT_VERSION = 5.0;
				TARGETED_DEVICE_FAMILY = "1,2";
			};
			name = Release;
		};
		E33B07F62AA4975C00BD57D5 /* Debug */ = {
			isa = XCBuildConfiguration;
			buildSettings = {
				CODE_SIGN_ENTITLEMENTS = "Web Extension/Web Extension.entitlements";
				CODE_SIGN_IDENTITY = "Apple Development";
				"CODE_SIGN_IDENTITY[sdk=macosx*]" = "-";
				CODE_SIGN_STYLE = Automatic;
				DEVELOPMENT_TEAM = YG56YK5RN5;
				ENABLE_HARDENED_RUNTIME = YES;
				GENERATE_INFOPLIST_FILE = YES;
				INFOPLIST_FILE = "Web Extension/Info.plist";
				INFOPLIST_KEY_CFBundleDisplayName = "Refined GitHub Web Extension";
				LD_RUNPATH_SEARCH_PATHS = (
					"$(inherited)",
					"@executable_path/../Frameworks",
					"@executable_path/../../../../Frameworks",
				);
				OTHER_LDFLAGS = (
					"-framework",
					SafariServices,
				);
				PRODUCT_BUNDLE_IDENTIFIER = "com.sindresorhus.Refined-GitHub.Extension";
				PRODUCT_NAME = "$(TARGET_NAME)";
				PROVISIONING_PROFILE_SPECIFIER = "";
				SDKROOT = iphoneos;
				SKIP_INSTALL = YES;
				SUPPORTED_PLATFORMS = "iphoneos iphonesimulator macosx";
				SUPPORTS_MACCATALYST = NO;
				SUPPORTS_MAC_DESIGNED_FOR_IPHONE_IPAD = NO;
				SWIFT_EMIT_LOC_STRINGS = YES;
				SWIFT_VERSION = 5.0;
				TARGETED_DEVICE_FAMILY = "1,2";
			};
			name = Debug;
		};
		E33B07F72AA4975C00BD57D5 /* Release */ = {
			isa = XCBuildConfiguration;
			buildSettings = {
				CODE_SIGN_ENTITLEMENTS = "Web Extension/Web Extension.entitlements";
				CODE_SIGN_IDENTITY = "Apple Development";
				"CODE_SIGN_IDENTITY[sdk=macosx*]" = "-";
				CODE_SIGN_STYLE = Automatic;
				DEVELOPMENT_TEAM = YG56YK5RN5;
				ENABLE_HARDENED_RUNTIME = YES;
				GENERATE_INFOPLIST_FILE = YES;
				INFOPLIST_FILE = "Web Extension/Info.plist";
				INFOPLIST_KEY_CFBundleDisplayName = "Refined GitHub Web Extension";
				LD_RUNPATH_SEARCH_PATHS = (
					"$(inherited)",
					"@executable_path/../Frameworks",
					"@executable_path/../../../../Frameworks",
				);
				OTHER_LDFLAGS = (
					"-framework",
					SafariServices,
				);
				PRODUCT_BUNDLE_IDENTIFIER = "com.sindresorhus.Refined-GitHub.Extension";
				PRODUCT_NAME = "$(TARGET_NAME)";
				PROVISIONING_PROFILE_SPECIFIER = "";
				SDKROOT = iphoneos;
				SKIP_INSTALL = YES;
				SUPPORTED_PLATFORMS = "iphoneos iphonesimulator macosx";
				SUPPORTS_MACCATALYST = NO;
				SUPPORTS_MAC_DESIGNED_FOR_IPHONE_IPAD = NO;
				SWIFT_EMIT_LOC_STRINGS = YES;
				SWIFT_VERSION = 5.0;
				TARGETED_DEVICE_FAMILY = "1,2";
			};
			name = Release;
		};
/* End XCBuildConfiguration section */

/* Begin XCConfigurationList section */
		E33B079E2AA4965C00BD57D5 /* Build configuration list for PBXProject "Refined GitHub" */ = {
			isa = XCConfigurationList;
			buildConfigurations = (
				E33B07B02AA4965D00BD57D5 /* Debug */,
				E33B07B12AA4965D00BD57D5 /* Release */,
			);
			defaultConfigurationIsVisible = 0;
			defaultConfigurationName = Release;
		};
		E33B07B22AA4965D00BD57D5 /* Build configuration list for PBXNativeTarget "Refined GitHub" */ = {
			isa = XCConfigurationList;
			buildConfigurations = (
				E33B07B32AA4965D00BD57D5 /* Debug */,
				E33B07B42AA4965D00BD57D5 /* Release */,
			);
			defaultConfigurationIsVisible = 0;
			defaultConfigurationName = Release;
		};
		E33B07F52AA4975C00BD57D5 /* Build configuration list for PBXNativeTarget "Web Extension" */ = {
			isa = XCConfigurationList;
			buildConfigurations = (
				E33B07F62AA4975C00BD57D5 /* Debug */,
				E33B07F72AA4975C00BD57D5 /* Release */,
			);
			defaultConfigurationIsVisible = 0;
			defaultConfigurationName = Release;
		};
/* End XCConfigurationList section */
	};
	rootObject = E33B079B2AA4965C00BD57D5 /* Project object */;
}
