// !$*UTF8*$!
{
	archiveVersion = 1;
	classes = {
	};
	objectVersion = 55;
	objects = {

/* Begin PBXBuildFile section */
		E3312B3627691C89006DA596 /* Utilities.swift in Sources */ = {isa = PBXBuildFile; fileRef = E3312B3527691C89006DA596 /* Utilities.swift */; };
		E3312B3727691C89006DA596 /* Utilities.swift in Sources */ = {isa = PBXBuildFile; fileRef = E3312B3527691C89006DA596 /* Utilities.swift */; };
		E35EB4BB26F36E0900DDEA60 /* AppDelegate.swift in Sources */ = {isa = PBXBuildFile; fileRef = E35EB4BA26F36E0900DDEA60 /* AppDelegate.swift */; };
		E35EB4BD26F36E0900DDEA60 /* SceneDelegate.swift in Sources */ = {isa = PBXBuildFile; fileRef = E35EB4BC26F36E0900DDEA60 /* SceneDelegate.swift */; };
		E35EB4C026F36E0900DDEA60 /* LaunchScreen.storyboard in Resources */ = {isa = PBXBuildFile; fileRef = E35EB4BE26F36E0900DDEA60 /* LaunchScreen.storyboard */; };
		E35EB4C326F36E0900DDEA60 /* Main.storyboard in Resources */ = {isa = PBXBuildFile; fileRef = E35EB4C126F36E0900DDEA60 /* Main.storyboard */; };
		E35EB4CC26F36E0900DDEA60 /* AppDelegate.swift in Sources */ = {isa = PBXBuildFile; fileRef = E35EB4CB26F36E0900DDEA60 /* AppDelegate.swift */; };
		E35EB4CF26F36E0900DDEA60 /* Main.storyboard in Resources */ = {isa = PBXBuildFile; fileRef = E35EB4CD26F36E0900DDEA60 /* Main.storyboard */; };
		E35EB4D726F36E0900DDEA60 /* Refined GitHub Extension.appex in Embed App Extensions */ = {isa = PBXBuildFile; fileRef = E35EB4D626F36E0900DDEA60 /* Refined GitHub Extension.appex */; settings = {ATTRIBUTES = (RemoveHeadersOnCopy, ); }; };
		E35EB4E126F36E0900DDEA60 /* Refined GitHub Extension.appex in Embed App Extensions */ = {isa = PBXBuildFile; fileRef = E35EB4E026F36E0900DDEA60 /* Refined GitHub Extension.appex */; settings = {ATTRIBUTES = (RemoveHeadersOnCopy, ); }; };
		E35EB4E726F36E0900DDEA60 /* Main.html in Resources */ = {isa = PBXBuildFile; fileRef = E35EB4AA26F36E0800DDEA60 /* Main.html */; };
		E35EB4E826F36E0900DDEA60 /* Main.html in Resources */ = {isa = PBXBuildFile; fileRef = E35EB4AA26F36E0800DDEA60 /* Main.html */; };
		E35EB4E926F36E0900DDEA60 /* Icon.png in Resources */ = {isa = PBXBuildFile; fileRef = E35EB4AC26F36E0800DDEA60 /* Icon.png */; };
		E35EB4EA26F36E0900DDEA60 /* Icon.png in Resources */ = {isa = PBXBuildFile; fileRef = E35EB4AC26F36E0800DDEA60 /* Icon.png */; };
		E35EB4EB26F36E0900DDEA60 /* Style.css in Resources */ = {isa = PBXBuildFile; fileRef = E35EB4AD26F36E0800DDEA60 /* Style.css */; };
		E35EB4EC26F36E0900DDEA60 /* Style.css in Resources */ = {isa = PBXBuildFile; fileRef = E35EB4AD26F36E0800DDEA60 /* Style.css */; };
		E35EB4ED26F36E0900DDEA60 /* Script.js in Resources */ = {isa = PBXBuildFile; fileRef = E35EB4AE26F36E0800DDEA60 /* Script.js */; };
		E35EB4EE26F36E0900DDEA60 /* Script.js in Resources */ = {isa = PBXBuildFile; fileRef = E35EB4AE26F36E0800DDEA60 /* Script.js */; };
		E35EB4EF26F36E0900DDEA60 /* ViewController.swift in Sources */ = {isa = PBXBuildFile; fileRef = E35EB4AF26F36E0800DDEA60 /* ViewController.swift */; };
		E35EB4F026F36E0900DDEA60 /* ViewController.swift in Sources */ = {isa = PBXBuildFile; fileRef = E35EB4AF26F36E0800DDEA60 /* ViewController.swift */; };
		E35EB4F126F36E0900DDEA60 /* Assets.xcassets in Resources */ = {isa = PBXBuildFile; fileRef = E35EB4B026F36E0900DDEA60 /* Assets.xcassets */; };
		E35EB4F226F36E0900DDEA60 /* Assets.xcassets in Resources */ = {isa = PBXBuildFile; fileRef = E35EB4B026F36E0900DDEA60 /* Assets.xcassets */; };
		E35EB4F326F36E0900DDEA60 /* SafariWebExtensionHandler.swift in Sources */ = {isa = PBXBuildFile; fileRef = E35EB4B226F36E0900DDEA60 /* SafariWebExtensionHandler.swift */; };
		E35EB4F426F36E0900DDEA60 /* SafariWebExtensionHandler.swift in Sources */ = {isa = PBXBuildFile; fileRef = E35EB4B226F36E0900DDEA60 /* SafariWebExtensionHandler.swift */; };
		E3919AF727E61192009C4956 /* refined-github.js.LICENSE.txt in Resources */ = {isa = PBXBuildFile; fileRef = E3919AE627E61192009C4956 /* refined-github.js.LICENSE.txt */; };
		E3919AF827E61192009C4956 /* refined-github.js.LICENSE.txt in Resources */ = {isa = PBXBuildFile; fileRef = E3919AE627E61192009C4956 /* refined-github.js.LICENSE.txt */; };
		E3919AF927E61192009C4956 /* manifest.json in Resources */ = {isa = PBXBuildFile; fileRef = E3919AE727E61192009C4956 /* manifest.json */; };
		E3919AFA27E61192009C4956 /* manifest.json in Resources */ = {isa = PBXBuildFile; fileRef = E3919AE727E61192009C4956 /* manifest.json */; };
		E3919AFB27E61192009C4956 /* resolve-conflicts.js in Resources */ = {isa = PBXBuildFile; fileRef = E3919AE927E61192009C4956 /* resolve-conflicts.js */; };
		E3919AFC27E61192009C4956 /* resolve-conflicts.js in Resources */ = {isa = PBXBuildFile; fileRef = E3919AE927E61192009C4956 /* resolve-conflicts.js */; };
		E3919AFD27E61192009C4956 /* background.js in Resources */ = {isa = PBXBuildFile; fileRef = E3919AEA27E61192009C4956 /* background.js */; };
		E3919AFE27E61192009C4956 /* background.js in Resources */ = {isa = PBXBuildFile; fileRef = E3919AEA27E61192009C4956 /* background.js */; };
		E3919B0127E61192009C4956 /* refined-github.js in Resources */ = {isa = PBXBuildFile; fileRef = E3919AEC27E61192009C4956 /* refined-github.js */; };
		E3919B0227E61192009C4956 /* refined-github.js in Resources */ = {isa = PBXBuildFile; fileRef = E3919AEC27E61192009C4956 /* refined-github.js */; };
		E3919B0327E61192009C4956 /* icon.png in Resources */ = {isa = PBXBuildFile; fileRef = E3919AED27E61192009C4956 /* icon.png */; };
		E3919B0427E61192009C4956 /* icon.png in Resources */ = {isa = PBXBuildFile; fileRef = E3919AED27E61192009C4956 /* icon.png */; };
		E3919B0527E61192009C4956 /* options.js in Resources */ = {isa = PBXBuildFile; fileRef = E3919AEF27E61192009C4956 /* options.js */; };
		E3919B0627E61192009C4956 /* options.js in Resources */ = {isa = PBXBuildFile; fileRef = E3919AEF27E61192009C4956 /* options.js */; };
		E3919B0727E61192009C4956 /* options.html in Resources */ = {isa = PBXBuildFile; fileRef = E3919AF227E61192009C4956 /* options.html */; };
		E3919B0827E61192009C4956 /* options.html in Resources */ = {isa = PBXBuildFile; fileRef = E3919AF227E61192009C4956 /* options.html */; };
		E3919B0927E61192009C4956 /* refined-github.css in Resources */ = {isa = PBXBuildFile; fileRef = E3919AF427E61192009C4956 /* refined-github.css */; };
		E3919B0A27E61192009C4956 /* refined-github.css in Resources */ = {isa = PBXBuildFile; fileRef = E3919AF427E61192009C4956 /* refined-github.css */; };
		E3919B0B27E61192009C4956 /* options.css in Resources */ = {isa = PBXBuildFile; fileRef = E3919AF627E61192009C4956 /* options.css */; };
		E3919B0C27E61192009C4956 /* options.css in Resources */ = {isa = PBXBuildFile; fileRef = E3919AF627E61192009C4956 /* options.css */; };
		E3919B0D27E61199009C4956 /* background.js.map in Resources */ = {isa = PBXBuildFile; fileRef = E3919AF327E61192009C4956 /* background.js.map */; };
		E3919B0E27E61199009C4956 /* options.css.map in Resources */ = {isa = PBXBuildFile; fileRef = E3919AF527E61192009C4956 /* options.css.map */; };
		E3919B0F27E61199009C4956 /* options.js.map in Resources */ = {isa = PBXBuildFile; fileRef = E3919AF127E61192009C4956 /* options.js.map */; };
		E3919B1027E61199009C4956 /* refined-github.css.map in Resources */ = {isa = PBXBuildFile; fileRef = E3919AE827E61192009C4956 /* refined-github.css.map */; };
		E3919B1127E61199009C4956 /* refined-github.js.map in Resources */ = {isa = PBXBuildFile; fileRef = E3919AF027E61192009C4956 /* refined-github.js.map */; };
		E3919B1227E61199009C4956 /* resolve-conflicts.js.map in Resources */ = {isa = PBXBuildFile; fileRef = E3919AEE27E61192009C4956 /* resolve-conflicts.js.map */; };
/* End PBXBuildFile section */

/* Begin PBXContainerItemProxy section */
		E35EB4D826F36E0900DDEA60 /* PBXContainerItemProxy */ = {
			isa = PBXContainerItemProxy;
			containerPortal = E35EB4A426F36E0700DDEA60 /* Project object */;
			proxyType = 1;
			remoteGlobalIDString = E35EB4D526F36E0900DDEA60;
			remoteInfo = "Refined GitHub Extension (iOS)";
		};
		E35EB4E226F36E0900DDEA60 /* PBXContainerItemProxy */ = {
			isa = PBXContainerItemProxy;
			containerPortal = E35EB4A426F36E0700DDEA60 /* Project object */;
			proxyType = 1;
			remoteGlobalIDString = E35EB4DF26F36E0900DDEA60;
			remoteInfo = "Refined GitHub Extension (macOS)";
		};
/* End PBXContainerItemProxy section */

/* Begin PBXCopyFilesBuildPhase section */
		E35EB4FA26F36E0900DDEA60 /* Embed App Extensions */ = {
			isa = PBXCopyFilesBuildPhase;
			buildActionMask = 2147483647;
			dstPath = "";
			dstSubfolderSpec = 13;
			files = (
				E35EB4D726F36E0900DDEA60 /* Refined GitHub Extension.appex in Embed App Extensions */,
			);
			name = "Embed App Extensions";
			runOnlyForDeploymentPostprocessing = 0;
		};
		E35EB50126F36E0900DDEA60 /* Embed App Extensions */ = {
			isa = PBXCopyFilesBuildPhase;
			buildActionMask = 2147483647;
			dstPath = "";
			dstSubfolderSpec = 13;
			files = (
				E35EB4E126F36E0900DDEA60 /* Refined GitHub Extension.appex in Embed App Extensions */,
			);
			name = "Embed App Extensions";
			runOnlyForDeploymentPostprocessing = 0;
		};
/* End PBXCopyFilesBuildPhase section */

/* Begin PBXFileReference section */
		E3312B3527691C89006DA596 /* Utilities.swift */ = {isa = PBXFileReference; lastKnownFileType = sourcecode.swift; path = Utilities.swift; sourceTree = "<group>"; };
		E33F1EF826F380AF00ACEB0F /* Config.xcconfig */ = {isa = PBXFileReference; lastKnownFileType = text.xcconfig; path = Config.xcconfig; sourceTree = "<group>"; };
		E35EB4AB26F36E0800DDEA60 /* Base */ = {isa = PBXFileReference; lastKnownFileType = text.html; name = Base; path = ../Base.lproj/Main.html; sourceTree = "<group>"; };
		E35EB4AC26F36E0800DDEA60 /* Icon.png */ = {isa = PBXFileReference; lastKnownFileType = image.png; path = Icon.png; sourceTree = "<group>"; };
		E35EB4AD26F36E0800DDEA60 /* Style.css */ = {isa = PBXFileReference; lastKnownFileType = text.css; path = Style.css; sourceTree = "<group>"; };
		E35EB4AE26F36E0800DDEA60 /* Script.js */ = {isa = PBXFileReference; lastKnownFileType = sourcecode.javascript; path = Script.js; sourceTree = "<group>"; };
		E35EB4AF26F36E0800DDEA60 /* ViewController.swift */ = {isa = PBXFileReference; lastKnownFileType = sourcecode.swift; path = ViewController.swift; sourceTree = "<group>"; };
		E35EB4B026F36E0900DDEA60 /* Assets.xcassets */ = {isa = PBXFileReference; lastKnownFileType = folder.assetcatalog; path = Assets.xcassets; sourceTree = "<group>"; };
		E35EB4B226F36E0900DDEA60 /* SafariWebExtensionHandler.swift */ = {isa = PBXFileReference; lastKnownFileType = sourcecode.swift; path = SafariWebExtensionHandler.swift; sourceTree = "<group>"; };
		E35EB4B726F36E0900DDEA60 /* Refined GitHub.app */ = {isa = PBXFileReference; explicitFileType = wrapper.application; includeInIndex = 0; path = "Refined GitHub.app"; sourceTree = BUILT_PRODUCTS_DIR; };
		E35EB4BA26F36E0900DDEA60 /* AppDelegate.swift */ = {isa = PBXFileReference; lastKnownFileType = sourcecode.swift; path = AppDelegate.swift; sourceTree = "<group>"; };
		E35EB4BC26F36E0900DDEA60 /* SceneDelegate.swift */ = {isa = PBXFileReference; lastKnownFileType = sourcecode.swift; path = SceneDelegate.swift; sourceTree = "<group>"; };
		E35EB4BF26F36E0900DDEA60 /* Base */ = {isa = PBXFileReference; lastKnownFileType = file.storyboard; name = Base; path = Base.lproj/LaunchScreen.storyboard; sourceTree = "<group>"; };
		E35EB4C226F36E0900DDEA60 /* Base */ = {isa = PBXFileReference; lastKnownFileType = file.storyboard; name = Base; path = Base.lproj/Main.storyboard; sourceTree = "<group>"; };
		E35EB4C426F36E0900DDEA60 /* Info.plist */ = {isa = PBXFileReference; lastKnownFileType = text.plist.xml; path = Info.plist; sourceTree = "<group>"; };
		E35EB4C926F36E0900DDEA60 /* Refined GitHub.app */ = {isa = PBXFileReference; explicitFileType = wrapper.application; includeInIndex = 0; path = "Refined GitHub.app"; sourceTree = BUILT_PRODUCTS_DIR; };
		E35EB4CB26F36E0900DDEA60 /* AppDelegate.swift */ = {isa = PBXFileReference; lastKnownFileType = sourcecode.swift; path = AppDelegate.swift; sourceTree = "<group>"; };
		E35EB4CE26F36E0900DDEA60 /* Base */ = {isa = PBXFileReference; lastKnownFileType = file.storyboard; name = Base; path = Base.lproj/Main.storyboard; sourceTree = "<group>"; };
		E35EB4D026F36E0900DDEA60 /* Info.plist */ = {isa = PBXFileReference; lastKnownFileType = text.plist.xml; path = Info.plist; sourceTree = "<group>"; };
		E35EB4D126F36E0900DDEA60 /* Refined GitHub.entitlements */ = {isa = PBXFileReference; lastKnownFileType = text.plist.entitlements; path = "Refined GitHub.entitlements"; sourceTree = "<group>"; };
		E35EB4D626F36E0900DDEA60 /* Refined GitHub Extension.appex */ = {isa = PBXFileReference; explicitFileType = "wrapper.app-extension"; includeInIndex = 0; path = "Refined GitHub Extension.appex"; sourceTree = BUILT_PRODUCTS_DIR; };
		E35EB4DB26F36E0900DDEA60 /* Info.plist */ = {isa = PBXFileReference; lastKnownFileType = text.plist.xml; path = Info.plist; sourceTree = "<group>"; };
		E35EB4E026F36E0900DDEA60 /* Refined GitHub Extension.appex */ = {isa = PBXFileReference; explicitFileType = "wrapper.app-extension"; includeInIndex = 0; path = "Refined GitHub Extension.appex"; sourceTree = BUILT_PRODUCTS_DIR; };
		E35EB4E526F36E0900DDEA60 /* Info.plist */ = {isa = PBXFileReference; lastKnownFileType = text.plist.xml; path = Info.plist; sourceTree = "<group>"; };
		E35EB4E626F36E0900DDEA60 /* Refined GitHub.entitlements */ = {isa = PBXFileReference; lastKnownFileType = text.plist.entitlements; path = "Refined GitHub.entitlements"; sourceTree = "<group>"; };
		E3919AE627E61192009C4956 /* refined-github.js.LICENSE.txt */ = {isa = PBXFileReference; fileEncoding = 4; lastKnownFileType = text; path = "refined-github.js.LICENSE.txt"; sourceTree = "<group>"; };
		E3919AE727E61192009C4956 /* manifest.json */ = {isa = PBXFileReference; fileEncoding = 4; lastKnownFileType = text.json; path = manifest.json; sourceTree = "<group>"; };
		E3919AE827E61192009C4956 /* refined-github.css.map */ = {isa = PBXFileReference; fileEncoding = 4; lastKnownFileType = "sourcecode.module-map"; path = "refined-github.css.map"; sourceTree = "<group>"; };
		E3919AE927E61192009C4956 /* resolve-conflicts.js */ = {isa = PBXFileReference; fileEncoding = 4; lastKnownFileType = sourcecode.javascript; path = "resolve-conflicts.js"; sourceTree = "<group>"; };
		E3919AEA27E61192009C4956 /* background.js */ = {isa = PBXFileReference; fileEncoding = 4; lastKnownFileType = sourcecode.javascript; path = background.js; sourceTree = "<group>"; };
		E3919AEC27E61192009C4956 /* refined-github.js */ = {isa = PBXFileReference; fileEncoding = 4; lastKnownFileType = sourcecode.javascript; path = "refined-github.js"; sourceTree = "<group>"; };
		E3919AED27E61192009C4956 /* icon.png */ = {isa = PBXFileReference; lastKnownFileType = image.png; path = icon.png; sourceTree = "<group>"; };
		E3919AEE27E61192009C4956 /* resolve-conflicts.js.map */ = {isa = PBXFileReference; fileEncoding = 4; lastKnownFileType = "sourcecode.module-map"; path = "resolve-conflicts.js.map"; sourceTree = "<group>"; };
		E3919AEF27E61192009C4956 /* options.js */ = {isa = PBXFileReference; fileEncoding = 4; lastKnownFileType = sourcecode.javascript; path = options.js; sourceTree = "<group>"; };
		E3919AF027E61192009C4956 /* refined-github.js.map */ = {isa = PBXFileReference; fileEncoding = 4; lastKnownFileType = "sourcecode.module-map"; path = "refined-github.js.map"; sourceTree = "<group>"; };
		E3919AF127E61192009C4956 /* options.js.map */ = {isa = PBXFileReference; fileEncoding = 4; lastKnownFileType = "sourcecode.module-map"; path = options.js.map; sourceTree = "<group>"; };
		E3919AF227E61192009C4956 /* options.html */ = {isa = PBXFileReference; fileEncoding = 4; lastKnownFileType = text.html; path = options.html; sourceTree = "<group>"; };
		E3919AF327E61192009C4956 /* background.js.map */ = {isa = PBXFileReference; fileEncoding = 4; lastKnownFileType = "sourcecode.module-map"; path = background.js.map; sourceTree = "<group>"; };
		E3919AF427E61192009C4956 /* refined-github.css */ = {isa = PBXFileReference; fileEncoding = 4; lastKnownFileType = text.css; path = "refined-github.css"; sourceTree = "<group>"; };
		E3919AF527E61192009C4956 /* options.css.map */ = {isa = PBXFileReference; fileEncoding = 4; lastKnownFileType = "sourcecode.module-map"; path = options.css.map; sourceTree = "<group>"; };
		E3919AF627E61192009C4956 /* options.css */ = {isa = PBXFileReference; fileEncoding = 4; lastKnownFileType = text.css; path = options.css; sourceTree = "<group>"; };
/* End PBXFileReference section */

/* Begin PBXFrameworksBuildPhase section */
		E35EB4B426F36E0900DDEA60 /* Frameworks */ = {
			isa = PBXFrameworksBuildPhase;
			buildActionMask = 2147483647;
			files = (
			);
			runOnlyForDeploymentPostprocessing = 0;
		};
		E35EB4C626F36E0900DDEA60 /* Frameworks */ = {
			isa = PBXFrameworksBuildPhase;
			buildActionMask = 2147483647;
			files = (
			);
			runOnlyForDeploymentPostprocessing = 0;
		};
		E35EB4D326F36E0900DDEA60 /* Frameworks */ = {
			isa = PBXFrameworksBuildPhase;
			buildActionMask = 2147483647;
			files = (
			);
			runOnlyForDeploymentPostprocessing = 0;
		};
		E35EB4DD26F36E0900DDEA60 /* Frameworks */ = {
			isa = PBXFrameworksBuildPhase;
			buildActionMask = 2147483647;
			files = (
			);
			runOnlyForDeploymentPostprocessing = 0;
		};
/* End PBXFrameworksBuildPhase section */

/* Begin PBXGroup section */
		E35EB4A326F36E0700DDEA60 = {
			isa = PBXGroup;
			children = (
				E33F1EF826F380AF00ACEB0F /* Config.xcconfig */,
				E35EB4A826F36E0800DDEA60 /* Shared (App) */,
				E35EB4B126F36E0900DDEA60 /* Shared (Extension) */,
				E35EB4B926F36E0900DDEA60 /* iOS (App) */,
				E35EB4CA26F36E0900DDEA60 /* macOS (App) */,
				E35EB4DA26F36E0900DDEA60 /* iOS (Extension) */,
				E35EB4E426F36E0900DDEA60 /* macOS (Extension) */,
				E35EB4B826F36E0900DDEA60 /* Products */,
			);
			sourceTree = "<group>";
		};
		E35EB4A826F36E0800DDEA60 /* Shared (App) */ = {
			isa = PBXGroup;
			children = (
				E35EB4AF26F36E0800DDEA60 /* ViewController.swift */,
				E3312B3527691C89006DA596 /* Utilities.swift */,
				E35EB4B026F36E0900DDEA60 /* Assets.xcassets */,
				E35EB4A926F36E0800DDEA60 /* Resources */,
			);
			path = "Shared (App)";
			sourceTree = "<group>";
		};
		E35EB4A926F36E0800DDEA60 /* Resources */ = {
			isa = PBXGroup;
			children = (
				E35EB4AA26F36E0800DDEA60 /* Main.html */,
				E35EB4AC26F36E0800DDEA60 /* Icon.png */,
				E35EB4AD26F36E0800DDEA60 /* Style.css */,
				E35EB4AE26F36E0800DDEA60 /* Script.js */,
			);
			path = Resources;
			sourceTree = "<group>";
		};
		E35EB4B126F36E0900DDEA60 /* Shared (Extension) */ = {
			isa = PBXGroup;
			children = (
				E3919AC127E6107E009C4956 /* Resources */,
				E35EB4B226F36E0900DDEA60 /* SafariWebExtensionHandler.swift */,
			);
			path = "Shared (Extension)";
			sourceTree = "<group>";
		};
		E35EB4B826F36E0900DDEA60 /* Products */ = {
			isa = PBXGroup;
			children = (
				E35EB4B726F36E0900DDEA60 /* Refined GitHub.app */,
				E35EB4C926F36E0900DDEA60 /* Refined GitHub.app */,
				E35EB4D626F36E0900DDEA60 /* Refined GitHub Extension.appex */,
				E35EB4E026F36E0900DDEA60 /* Refined GitHub Extension.appex */,
			);
			name = Products;
			sourceTree = "<group>";
		};
		E35EB4B926F36E0900DDEA60 /* iOS (App) */ = {
			isa = PBXGroup;
			children = (
				E35EB4BA26F36E0900DDEA60 /* AppDelegate.swift */,
				E35EB4BC26F36E0900DDEA60 /* SceneDelegate.swift */,
				E35EB4BE26F36E0900DDEA60 /* LaunchScreen.storyboard */,
				E35EB4C126F36E0900DDEA60 /* Main.storyboard */,
				E35EB4C426F36E0900DDEA60 /* Info.plist */,
			);
			path = "iOS (App)";
			sourceTree = "<group>";
		};
		E35EB4CA26F36E0900DDEA60 /* macOS (App) */ = {
			isa = PBXGroup;
			children = (
				E35EB4CB26F36E0900DDEA60 /* AppDelegate.swift */,
				E35EB4CD26F36E0900DDEA60 /* Main.storyboard */,
				E35EB4D026F36E0900DDEA60 /* Info.plist */,
				E35EB4D126F36E0900DDEA60 /* Refined GitHub.entitlements */,
			);
			path = "macOS (App)";
			sourceTree = "<group>";
		};
		E35EB4DA26F36E0900DDEA60 /* iOS (Extension) */ = {
			isa = PBXGroup;
			children = (
				E35EB4DB26F36E0900DDEA60 /* Info.plist */,
			);
			path = "iOS (Extension)";
			sourceTree = "<group>";
		};
		E35EB4E426F36E0900DDEA60 /* macOS (Extension) */ = {
			isa = PBXGroup;
			children = (
				E35EB4E526F36E0900DDEA60 /* Info.plist */,
				E35EB4E626F36E0900DDEA60 /* Refined GitHub.entitlements */,
			);
			path = "macOS (Extension)";
			sourceTree = "<group>";
		};
		E3919AC127E6107E009C4956 /* Resources */ = {
			isa = PBXGroup;
			children = (
				E3919AEA27E61192009C4956 /* background.js */,
				E3919AF327E61192009C4956 /* background.js.map */,
				E3919AED27E61192009C4956 /* icon.png */,
				E3919AE727E61192009C4956 /* manifest.json */,
				E3919AF627E61192009C4956 /* options.css */,
				E3919AF527E61192009C4956 /* options.css.map */,
				E3919AF227E61192009C4956 /* options.html */,
				E3919AEF27E61192009C4956 /* options.js */,
				E3919AF127E61192009C4956 /* options.js.map */,
				E3919AF427E61192009C4956 /* refined-github.css */,
				E3919AE827E61192009C4956 /* refined-github.css.map */,
				E3919AEC27E61192009C4956 /* refined-github.js */,
				E3919AE627E61192009C4956 /* refined-github.js.LICENSE.txt */,
				E3919AF027E61192009C4956 /* refined-github.js.map */,
				E3919AE927E61192009C4956 /* resolve-conflicts.js */,
				E3919AEE27E61192009C4956 /* resolve-conflicts.js.map */,
			);
			name = Resources;
			path = ../../distribution;
			sourceTree = "<group>";
		};
/* End PBXGroup section */

/* Begin PBXNativeTarget section */
		E35EB4B626F36E0900DDEA60 /* Refined GitHub (iOS) */ = {
			isa = PBXNativeTarget;
			buildConfigurationList = E35EB4FB26F36E0900DDEA60 /* Build configuration list for PBXNativeTarget "Refined GitHub (iOS)" */;
			buildPhases = (
				E35EB4B326F36E0900DDEA60 /* Sources */,
				E35EB4B426F36E0900DDEA60 /* Frameworks */,
				E35EB4B526F36E0900DDEA60 /* Resources */,
				E35EB4FA26F36E0900DDEA60 /* Embed App Extensions */,
			);
			buildRules = (
			);
			dependencies = (
				E35EB4D926F36E0900DDEA60 /* PBXTargetDependency */,
			);
			name = "Refined GitHub (iOS)";
			productName = "Refined GitHub (iOS)";
			productReference = E35EB4B726F36E0900DDEA60 /* Refined GitHub.app */;
			productType = "com.apple.product-type.application";
		};
		E35EB4C826F36E0900DDEA60 /* Refined GitHub (macOS) */ = {
			isa = PBXNativeTarget;
			buildConfigurationList = E35EB50226F36E0900DDEA60 /* Build configuration list for PBXNativeTarget "Refined GitHub (macOS)" */;
			buildPhases = (
				E35EB4C526F36E0900DDEA60 /* Sources */,
				E35EB4C626F36E0900DDEA60 /* Frameworks */,
				E35EB4C726F36E0900DDEA60 /* Resources */,
				E35EB50126F36E0900DDEA60 /* Embed App Extensions */,
			);
			buildRules = (
			);
			dependencies = (
				E35EB4E326F36E0900DDEA60 /* PBXTargetDependency */,
			);
			name = "Refined GitHub (macOS)";
			productName = "Refined GitHub (macOS)";
			productReference = E35EB4C926F36E0900DDEA60 /* Refined GitHub.app */;
			productType = "com.apple.product-type.application";
		};
		E35EB4D526F36E0900DDEA60 /* Refined GitHub Extension (iOS) */ = {
			isa = PBXNativeTarget;
			buildConfigurationList = E35EB4F726F36E0900DDEA60 /* Build configuration list for PBXNativeTarget "Refined GitHub Extension (iOS)" */;
			buildPhases = (
				E35EB4D226F36E0900DDEA60 /* Sources */,
				E35EB4D326F36E0900DDEA60 /* Frameworks */,
				E35EB4D426F36E0900DDEA60 /* Resources */,
				E33F1EB026F371EE00ACEB0F /* Copy Custom Resources */,
			);
			buildRules = (
			);
			dependencies = (
			);
			name = "Refined GitHub Extension (iOS)";
			productName = "Refined GitHub Extension (iOS)";
			productReference = E35EB4D626F36E0900DDEA60 /* Refined GitHub Extension.appex */;
			productType = "com.apple.product-type.app-extension";
		};
		E35EB4DF26F36E0900DDEA60 /* Refined GitHub Extension (macOS) */ = {
			isa = PBXNativeTarget;
			buildConfigurationList = E35EB4FE26F36E0900DDEA60 /* Build configuration list for PBXNativeTarget "Refined GitHub Extension (macOS)" */;
			buildPhases = (
				E35EB4DC26F36E0900DDEA60 /* Sources */,
				E35EB4DD26F36E0900DDEA60 /* Frameworks */,
				E35EB4DE26F36E0900DDEA60 /* Resources */,
			);
			buildRules = (
			);
			dependencies = (
			);
			name = "Refined GitHub Extension (macOS)";
			productName = "Refined GitHub Extension (macOS)";
			productReference = E35EB4E026F36E0900DDEA60 /* Refined GitHub Extension.appex */;
			productType = "com.apple.product-type.app-extension";
		};
/* End PBXNativeTarget section */

/* Begin PBXProject section */
		E35EB4A426F36E0700DDEA60 /* Project object */ = {
			isa = PBXProject;
			attributes = {
				BuildIndependentTargetsInParallel = 1;
				LastSwiftUpdateCheck = 1300;
				LastUpgradeCheck = 1330;
				TargetAttributes = {
					E35EB4B626F36E0900DDEA60 = {
						CreatedOnToolsVersion = 13.0;
					};
					E35EB4C826F36E0900DDEA60 = {
						CreatedOnToolsVersion = 13.0;
					};
					E35EB4D526F36E0900DDEA60 = {
						CreatedOnToolsVersion = 13.0;
					};
					E35EB4DF26F36E0900DDEA60 = {
						CreatedOnToolsVersion = 13.0;
					};
				};
			};
			buildConfigurationList = E35EB4A726F36E0700DDEA60 /* Build configuration list for PBXProject "Refined GitHub" */;
			compatibilityVersion = "Xcode 13.0";
			developmentRegion = en;
			hasScannedForEncodings = 0;
			knownRegions = (
				en,
				Base,
			);
			mainGroup = E35EB4A326F36E0700DDEA60;
			productRefGroup = E35EB4B826F36E0900DDEA60 /* Products */;
			projectDirPath = "";
			projectRoot = "";
			targets = (
				E35EB4B626F36E0900DDEA60 /* Refined GitHub (iOS) */,
				E35EB4C826F36E0900DDEA60 /* Refined GitHub (macOS) */,
				E35EB4D526F36E0900DDEA60 /* Refined GitHub Extension (iOS) */,
				E35EB4DF26F36E0900DDEA60 /* Refined GitHub Extension (macOS) */,
			);
		};
/* End PBXProject section */

/* Begin PBXResourcesBuildPhase section */
		E35EB4B526F36E0900DDEA60 /* Resources */ = {
			isa = PBXResourcesBuildPhase;
			buildActionMask = 2147483647;
			files = (
				E35EB4E926F36E0900DDEA60 /* Icon.png in Resources */,
				E35EB4C026F36E0900DDEA60 /* LaunchScreen.storyboard in Resources */,
				E35EB4E726F36E0900DDEA60 /* Main.html in Resources */,
				E35EB4ED26F36E0900DDEA60 /* Script.js in Resources */,
				E35EB4F126F36E0900DDEA60 /* Assets.xcassets in Resources */,
				E35EB4C326F36E0900DDEA60 /* Main.storyboard in Resources */,
				E35EB4EB26F36E0900DDEA60 /* Style.css in Resources */,
			);
			runOnlyForDeploymentPostprocessing = 0;
		};
		E35EB4C726F36E0900DDEA60 /* Resources */ = {
			isa = PBXResourcesBuildPhase;
			buildActionMask = 2147483647;
			files = (
				E35EB4EA26F36E0900DDEA60 /* Icon.png in Resources */,
				E35EB4EC26F36E0900DDEA60 /* Style.css in Resources */,
				E35EB4CF26F36E0900DDEA60 /* Main.storyboard in Resources */,
				E35EB4EE26F36E0900DDEA60 /* Script.js in Resources */,
				E35EB4F226F36E0900DDEA60 /* Assets.xcassets in Resources */,
				E35EB4E826F36E0900DDEA60 /* Main.html in Resources */,
			);
			runOnlyForDeploymentPostprocessing = 0;
		};
		E35EB4D426F36E0900DDEA60 /* Resources */ = {
			isa = PBXResourcesBuildPhase;
			buildActionMask = 2147483647;
			files = (
				E3919B0527E61192009C4956 /* options.js in Resources */,
				E3919B0327E61192009C4956 /* icon.png in Resources */,
				E3919AFD27E61192009C4956 /* background.js in Resources */,
				E3919B0927E61192009C4956 /* refined-github.css in Resources */,
				E3919AFB27E61192009C4956 /* resolve-conflicts.js in Resources */,
				E3919B0127E61192009C4956 /* refined-github.js in Resources */,
				E3919AF927E61192009C4956 /* manifest.json in Resources */,
				E3919AF727E61192009C4956 /* refined-github.js.LICENSE.txt in Resources */,
				E3919B0B27E61192009C4956 /* options.css in Resources */,
				E3919B0727E61192009C4956 /* options.html in Resources */,
			);
			runOnlyForDeploymentPostprocessing = 0;
		};
		E35EB4DE26F36E0900DDEA60 /* Resources */ = {
			isa = PBXResourcesBuildPhase;
			buildActionMask = 2147483647;
			files = (
				E3919B0D27E61199009C4956 /* background.js.map in Resources */,
				E3919B0E27E61199009C4956 /* options.css.map in Resources */,
				E3919B0F27E61199009C4956 /* options.js.map in Resources */,
				E3919B1027E61199009C4956 /* refined-github.css.map in Resources */,
				E3919B1127E61199009C4956 /* refined-github.js.map in Resources */,
				E3919B1227E61199009C4956 /* resolve-conflicts.js.map in Resources */,
				E3919B0627E61192009C4956 /* options.js in Resources */,
				E3919B0427E61192009C4956 /* icon.png in Resources */,
				E3919AFE27E61192009C4956 /* background.js in Resources */,
				E3919B0A27E61192009C4956 /* refined-github.css in Resources */,
				E3919AFC27E61192009C4956 /* resolve-conflicts.js in Resources */,
				E3919B0227E61192009C4956 /* refined-github.js in Resources */,
				E3919AFA27E61192009C4956 /* manifest.json in Resources */,
				E3919AF827E61192009C4956 /* refined-github.js.LICENSE.txt in Resources */,
				E3919B0C27E61192009C4956 /* options.css in Resources */,
				E3919B0827E61192009C4956 /* options.html in Resources */,
			);
			runOnlyForDeploymentPostprocessing = 0;
		};
/* End PBXResourcesBuildPhase section */

/* Begin PBXShellScriptBuildPhase section */
		E33F1EB026F371EE00ACEB0F /* Copy Custom Resources */ = {
			isa = PBXShellScriptBuildPhase;
			alwaysOutOfDate = 1;
			buildActionMask = 2147483647;
			files = (
			);
			inputFileListPaths = (
			);
			inputPaths = (
			);
			name = "Copy Custom Resources";
			outputFileListPaths = (
			);
			outputPaths = (
			);
			runOnlyForDeploymentPostprocessing = 0;
			shellPath = /bin/sh;
			shellScript = "cp -a \"$PROJECT_DIR/../distribution/.\" \"$CONFIGURATION_BUILD_DIR/$UNLOCALIZED_RESOURCES_FOLDER_PATH\"\n";
			showEnvVarsInLog = 0;
		};
/* End PBXShellScriptBuildPhase section */

/* Begin PBXSourcesBuildPhase section */
		E35EB4B326F36E0900DDEA60 /* Sources */ = {
			isa = PBXSourcesBuildPhase;
			buildActionMask = 2147483647;
			files = (
				E35EB4EF26F36E0900DDEA60 /* ViewController.swift in Sources */,
				E35EB4BB26F36E0900DDEA60 /* AppDelegate.swift in Sources */,
				E3312B3627691C89006DA596 /* Utilities.swift in Sources */,
				E35EB4BD26F36E0900DDEA60 /* SceneDelegate.swift in Sources */,
			);
			runOnlyForDeploymentPostprocessing = 0;
		};
		E35EB4C526F36E0900DDEA60 /* Sources */ = {
			isa = PBXSourcesBuildPhase;
			buildActionMask = 2147483647;
			files = (
				E3312B3727691C89006DA596 /* Utilities.swift in Sources */,
				E35EB4F026F36E0900DDEA60 /* ViewController.swift in Sources */,
				E35EB4CC26F36E0900DDEA60 /* AppDelegate.swift in Sources */,
			);
			runOnlyForDeploymentPostprocessing = 0;
		};
		E35EB4D226F36E0900DDEA60 /* Sources */ = {
			isa = PBXSourcesBuildPhase;
			buildActionMask = 2147483647;
			files = (
				E35EB4F326F36E0900DDEA60 /* SafariWebExtensionHandler.swift in Sources */,
			);
			runOnlyForDeploymentPostprocessing = 0;
		};
		E35EB4DC26F36E0900DDEA60 /* Sources */ = {
			isa = PBXSourcesBuildPhase;
			buildActionMask = 2147483647;
			files = (
				E35EB4F426F36E0900DDEA60 /* SafariWebExtensionHandler.swift in Sources */,
			);
			runOnlyForDeploymentPostprocessing = 0;
		};
/* End PBXSourcesBuildPhase section */

/* Begin PBXTargetDependency section */
		E35EB4D926F36E0900DDEA60 /* PBXTargetDependency */ = {
			isa = PBXTargetDependency;
			target = E35EB4D526F36E0900DDEA60 /* Refined GitHub Extension (iOS) */;
			targetProxy = E35EB4D826F36E0900DDEA60 /* PBXContainerItemProxy */;
		};
		E35EB4E326F36E0900DDEA60 /* PBXTargetDependency */ = {
			isa = PBXTargetDependency;
			target = E35EB4DF26F36E0900DDEA60 /* Refined GitHub Extension (macOS) */;
			targetProxy = E35EB4E226F36E0900DDEA60 /* PBXContainerItemProxy */;
		};
/* End PBXTargetDependency section */

/* Begin PBXVariantGroup section */
		E35EB4AA26F36E0800DDEA60 /* Main.html */ = {
			isa = PBXVariantGroup;
			children = (
				E35EB4AB26F36E0800DDEA60 /* Base */,
			);
			name = Main.html;
			sourceTree = "<group>";
		};
		E35EB4BE26F36E0900DDEA60 /* LaunchScreen.storyboard */ = {
			isa = PBXVariantGroup;
			children = (
				E35EB4BF26F36E0900DDEA60 /* Base */,
			);
			name = LaunchScreen.storyboard;
			sourceTree = "<group>";
		};
		E35EB4C126F36E0900DDEA60 /* Main.storyboard */ = {
			isa = PBXVariantGroup;
			children = (
				E35EB4C226F36E0900DDEA60 /* Base */,
			);
			name = Main.storyboard;
			sourceTree = "<group>";
		};
		E35EB4CD26F36E0900DDEA60 /* Main.storyboard */ = {
			isa = PBXVariantGroup;
			children = (
				E35EB4CE26F36E0900DDEA60 /* Base */,
			);
			name = Main.storyboard;
			sourceTree = "<group>";
		};
/* End PBXVariantGroup section */

/* Begin XCBuildConfiguration section */
		E35EB4F526F36E0900DDEA60 /* Debug */ = {
			isa = XCBuildConfiguration;
			baseConfigurationReference = E33F1EF826F380AF00ACEB0F /* Config.xcconfig */;
			buildSettings = {
				ALWAYS_SEARCH_USER_PATHS = NO;
				CLANG_ANALYZER_NONNULL = YES;
				CLANG_ANALYZER_NUMBER_OBJECT_CONVERSION = YES_AGGRESSIVE;
				CLANG_CXX_LANGUAGE_STANDARD = "gnu++17";
				CLANG_CXX_LIBRARY = "libc++";
				CLANG_ENABLE_MODULES = YES;
				CLANG_ENABLE_OBJC_ARC = YES;
				CLANG_ENABLE_OBJC_WEAK = YES;
				CLANG_WARN_BLOCK_CAPTURE_AUTORELEASING = YES;
				CLANG_WARN_BOOL_CONVERSION = YES;
				CLANG_WARN_COMMA = YES;
				CLANG_WARN_CONSTANT_CONVERSION = YES;
				CLANG_WARN_DEPRECATED_OBJC_IMPLEMENTATIONS = YES;
				CLANG_WARN_DIRECT_OBJC_ISA_USAGE = YES_ERROR;
				CLANG_WARN_DOCUMENTATION_COMMENTS = YES;
				CLANG_WARN_EMPTY_BODY = YES;
				CLANG_WARN_ENUM_CONVERSION = YES;
				CLANG_WARN_INFINITE_RECURSION = YES;
				CLANG_WARN_INT_CONVERSION = YES;
				CLANG_WARN_NON_LITERAL_NULL_CONVERSION = YES;
				CLANG_WARN_OBJC_IMPLICIT_RETAIN_SELF = YES;
				CLANG_WARN_OBJC_LITERAL_CONVERSION = YES;
				CLANG_WARN_OBJC_ROOT_CLASS = YES_ERROR;
				CLANG_WARN_QUOTED_INCLUDE_IN_FRAMEWORK_HEADER = YES;
				CLANG_WARN_RANGE_LOOP_ANALYSIS = YES;
				CLANG_WARN_STRICT_PROTOTYPES = YES;
				CLANG_WARN_SUSPICIOUS_MOVE = YES;
				CLANG_WARN_UNGUARDED_AVAILABILITY = YES_AGGRESSIVE;
				CLANG_WARN_UNREACHABLE_CODE = YES;
				CLANG_WARN__DUPLICATE_METHOD_MATCH = YES;
				COPY_PHASE_STRIP = NO;
				DEBUG_INFORMATION_FORMAT = dwarf;
				ENABLE_STRICT_OBJC_MSGSEND = YES;
				ENABLE_TESTABILITY = YES;
				GCC_C_LANGUAGE_STANDARD = gnu11;
				GCC_DYNAMIC_NO_PIC = NO;
				GCC_NO_COMMON_BLOCKS = YES;
				GCC_OPTIMIZATION_LEVEL = 0;
				GCC_PREPROCESSOR_DEFINITIONS = (
					"DEBUG=1",
					"$(inherited)",
				);
				GCC_WARN_64_TO_32_BIT_CONVERSION = YES;
				GCC_WARN_ABOUT_RETURN_TYPE = YES_ERROR;
				GCC_WARN_UNDECLARED_SELECTOR = YES;
				GCC_WARN_UNINITIALIZED_AUTOS = YES_AGGRESSIVE;
				GCC_WARN_UNUSED_FUNCTION = YES;
				GCC_WARN_UNUSED_VARIABLE = YES;
				IPHONEOS_DEPLOYMENT_TARGET = 15.0;
				MACOSX_DEPLOYMENT_TARGET = 10.15;
				MTL_ENABLE_DEBUG_INFO = INCLUDE_SOURCE;
				MTL_FAST_MATH = YES;
				ONLY_ACTIVE_ARCH = YES;
				SWIFT_ACTIVE_COMPILATION_CONDITIONS = DEBUG;
				SWIFT_OPTIMIZATION_LEVEL = "-Onone";
			};
			name = Debug;
		};
		E35EB4F626F36E0900DDEA60 /* Release */ = {
			isa = XCBuildConfiguration;
			baseConfigurationReference = E33F1EF826F380AF00ACEB0F /* Config.xcconfig */;
			buildSettings = {
				ALWAYS_SEARCH_USER_PATHS = NO;
				CLANG_ANALYZER_NONNULL = YES;
				CLANG_ANALYZER_NUMBER_OBJECT_CONVERSION = YES_AGGRESSIVE;
				CLANG_CXX_LANGUAGE_STANDARD = "gnu++17";
				CLANG_CXX_LIBRARY = "libc++";
				CLANG_ENABLE_MODULES = YES;
				CLANG_ENABLE_OBJC_ARC = YES;
				CLANG_ENABLE_OBJC_WEAK = YES;
				CLANG_WARN_BLOCK_CAPTURE_AUTORELEASING = YES;
				CLANG_WARN_BOOL_CONVERSION = YES;
				CLANG_WARN_COMMA = YES;
				CLANG_WARN_CONSTANT_CONVERSION = YES;
				CLANG_WARN_DEPRECATED_OBJC_IMPLEMENTATIONS = YES;
				CLANG_WARN_DIRECT_OBJC_ISA_USAGE = YES_ERROR;
				CLANG_WARN_DOCUMENTATION_COMMENTS = YES;
				CLANG_WARN_EMPTY_BODY = YES;
				CLANG_WARN_ENUM_CONVERSION = YES;
				CLANG_WARN_INFINITE_RECURSION = YES;
				CLANG_WARN_INT_CONVERSION = YES;
				CLANG_WARN_NON_LITERAL_NULL_CONVERSION = YES;
				CLANG_WARN_OBJC_IMPLICIT_RETAIN_SELF = YES;
				CLANG_WARN_OBJC_LITERAL_CONVERSION = YES;
				CLANG_WARN_OBJC_ROOT_CLASS = YES_ERROR;
				CLANG_WARN_QUOTED_INCLUDE_IN_FRAMEWORK_HEADER = YES;
				CLANG_WARN_RANGE_LOOP_ANALYSIS = YES;
				CLANG_WARN_STRICT_PROTOTYPES = YES;
				CLANG_WARN_SUSPICIOUS_MOVE = YES;
				CLANG_WARN_UNGUARDED_AVAILABILITY = YES_AGGRESSIVE;
				CLANG_WARN_UNREACHABLE_CODE = YES;
				CLANG_WARN__DUPLICATE_METHOD_MATCH = YES;
				COPY_PHASE_STRIP = NO;
				DEBUG_INFORMATION_FORMAT = "dwarf-with-dsym";
				ENABLE_NS_ASSERTIONS = NO;
				ENABLE_STRICT_OBJC_MSGSEND = YES;
				GCC_C_LANGUAGE_STANDARD = gnu11;
				GCC_NO_COMMON_BLOCKS = YES;
				GCC_WARN_64_TO_32_BIT_CONVERSION = YES;
				GCC_WARN_ABOUT_RETURN_TYPE = YES_ERROR;
				GCC_WARN_UNDECLARED_SELECTOR = YES;
				GCC_WARN_UNINITIALIZED_AUTOS = YES_AGGRESSIVE;
				GCC_WARN_UNUSED_FUNCTION = YES;
				GCC_WARN_UNUSED_VARIABLE = YES;
				IPHONEOS_DEPLOYMENT_TARGET = 15.0;
				MACOSX_DEPLOYMENT_TARGET = 10.15;
				MTL_ENABLE_DEBUG_INFO = NO;
				MTL_FAST_MATH = YES;
				SWIFT_COMPILATION_MODE = wholemodule;
				SWIFT_OPTIMIZATION_LEVEL = "-O";
			};
			name = Release;
		};
		E35EB4F826F36E0900DDEA60 /* Debug */ = {
			isa = XCBuildConfiguration;
			buildSettings = {
				CODE_SIGN_STYLE = Automatic;
				ENABLE_BITCODE = NO;
				GENERATE_INFOPLIST_FILE = YES;
				INFOPLIST_FILE = "iOS (Extension)/Info.plist";
				INFOPLIST_KEY_CFBundleDisplayName = "Refined GitHub Extension";
				INFOPLIST_KEY_NSHumanReadableCopyright = "";
				LD_RUNPATH_SEARCH_PATHS = (
					"$(inherited)",
					"@executable_path/Frameworks",
					"@executable_path/../../Frameworks",
				);
				OTHER_LDFLAGS = (
					"-framework",
					SafariServices,
				);
				PRODUCT_BUNDLE_IDENTIFIER = "com.sindresorhus.Refined-GitHub.Extension";
				PRODUCT_NAME = "Refined GitHub Extension";
				SDKROOT = iphoneos;
				SKIP_INSTALL = YES;
				SWIFT_EMIT_LOC_STRINGS = YES;
				SWIFT_VERSION = 5.0;
				TARGETED_DEVICE_FAMILY = "1,2";
			};
			name = Debug;
		};
		E35EB4F926F36E0900DDEA60 /* Release */ = {
			isa = XCBuildConfiguration;
			buildSettings = {
				CODE_SIGN_STYLE = Automatic;
				ENABLE_BITCODE = NO;
				GENERATE_INFOPLIST_FILE = YES;
				INFOPLIST_FILE = "iOS (Extension)/Info.plist";
				INFOPLIST_KEY_CFBundleDisplayName = "Refined GitHub Extension";
				INFOPLIST_KEY_NSHumanReadableCopyright = "";
				LD_RUNPATH_SEARCH_PATHS = (
					"$(inherited)",
					"@executable_path/Frameworks",
					"@executable_path/../../Frameworks",
				);
				OTHER_LDFLAGS = (
					"-framework",
					SafariServices,
				);
				PRODUCT_BUNDLE_IDENTIFIER = "com.sindresorhus.Refined-GitHub.Extension";
				PRODUCT_NAME = "Refined GitHub Extension";
				SDKROOT = iphoneos;
				SKIP_INSTALL = YES;
				SWIFT_EMIT_LOC_STRINGS = YES;
				SWIFT_VERSION = 5.0;
				TARGETED_DEVICE_FAMILY = "1,2";
				VALIDATE_PRODUCT = YES;
			};
			name = Release;
		};
		E35EB4FC26F36E0900DDEA60 /* Debug */ = {
			isa = XCBuildConfiguration;
			buildSettings = {
				ALWAYS_EMBED_SWIFT_STANDARD_LIBRARIES = YES;
				ASSETCATALOG_COMPILER_APPICON_NAME = AppIcon;
				ASSETCATALOG_COMPILER_GLOBAL_ACCENT_COLOR_NAME = AccentColor;
				CODE_SIGN_STYLE = Automatic;
				ENABLE_BITCODE = NO;
				GENERATE_INFOPLIST_FILE = YES;
				INFOPLIST_FILE = "iOS (App)/Info.plist";
				INFOPLIST_KEY_CFBundleDisplayName = "Refined GitHub";
				INFOPLIST_KEY_UIApplicationSupportsIndirectInputEvents = YES;
				INFOPLIST_KEY_UILaunchStoryboardName = LaunchScreen;
				INFOPLIST_KEY_UIMainStoryboardFile = Main;
				INFOPLIST_KEY_UISupportedInterfaceOrientations = "UIInterfaceOrientationPortrait UIInterfaceOrientationLandscapeLeft UIInterfaceOrientationLandscapeRight";
				INFOPLIST_KEY_UISupportedInterfaceOrientations_iPad = "UIInterfaceOrientationPortrait UIInterfaceOrientationPortraitUpsideDown UIInterfaceOrientationLandscapeLeft UIInterfaceOrientationLandscapeRight";
				LD_RUNPATH_SEARCH_PATHS = (
					"$(inherited)",
					"@executable_path/Frameworks",
				);
				OTHER_LDFLAGS = (
					"-framework",
					SafariServices,
					"-framework",
					WebKit,
				);
				PRODUCT_BUNDLE_IDENTIFIER = "com.sindresorhus.Refined-GitHub";
				PRODUCT_NAME = "Refined GitHub";
				SDKROOT = iphoneos;
				SWIFT_EMIT_LOC_STRINGS = YES;
				SWIFT_VERSION = 5.0;
				TARGETED_DEVICE_FAMILY = "1,2";
			};
			name = Debug;
		};
		E35EB4FD26F36E0900DDEA60 /* Release */ = {
			isa = XCBuildConfiguration;
			buildSettings = {
				ALWAYS_EMBED_SWIFT_STANDARD_LIBRARIES = YES;
				ASSETCATALOG_COMPILER_APPICON_NAME = AppIcon;
				ASSETCATALOG_COMPILER_GLOBAL_ACCENT_COLOR_NAME = AccentColor;
				CODE_SIGN_STYLE = Automatic;
				ENABLE_BITCODE = NO;
				GENERATE_INFOPLIST_FILE = YES;
				INFOPLIST_FILE = "iOS (App)/Info.plist";
				INFOPLIST_KEY_CFBundleDisplayName = "Refined GitHub";
				INFOPLIST_KEY_UIApplicationSupportsIndirectInputEvents = YES;
				INFOPLIST_KEY_UILaunchStoryboardName = LaunchScreen;
				INFOPLIST_KEY_UIMainStoryboardFile = Main;
				INFOPLIST_KEY_UISupportedInterfaceOrientations = "UIInterfaceOrientationPortrait UIInterfaceOrientationLandscapeLeft UIInterfaceOrientationLandscapeRight";
				INFOPLIST_KEY_UISupportedInterfaceOrientations_iPad = "UIInterfaceOrientationPortrait UIInterfaceOrientationPortraitUpsideDown UIInterfaceOrientationLandscapeLeft UIInterfaceOrientationLandscapeRight";
				LD_RUNPATH_SEARCH_PATHS = (
					"$(inherited)",
					"@executable_path/Frameworks",
				);
				OTHER_LDFLAGS = (
					"-framework",
					SafariServices,
					"-framework",
					WebKit,
				);
				PRODUCT_BUNDLE_IDENTIFIER = "com.sindresorhus.Refined-GitHub";
				PRODUCT_NAME = "Refined GitHub";
				SDKROOT = iphoneos;
				SWIFT_EMIT_LOC_STRINGS = YES;
				SWIFT_VERSION = 5.0;
				TARGETED_DEVICE_FAMILY = "1,2";
				VALIDATE_PRODUCT = YES;
			};
			name = Release;
		};
		E35EB4FF26F36E0900DDEA60 /* Debug */ = {
			isa = XCBuildConfiguration;
			buildSettings = {
				CODE_SIGN_ENTITLEMENTS = "macOS (Extension)/Refined GitHub.entitlements";
				CODE_SIGN_IDENTITY = "-";
				CODE_SIGN_STYLE = Automatic;
				ENABLE_HARDENED_RUNTIME = YES;
				GENERATE_INFOPLIST_FILE = YES;
				INFOPLIST_FILE = "macOS (Extension)/Info.plist";
				INFOPLIST_KEY_CFBundleDisplayName = "Refined GitHub Extension";
				INFOPLIST_KEY_NSHumanReadableCopyright = "";
				LD_RUNPATH_SEARCH_PATHS = (
					"$(inherited)",
					"@executable_path/../Frameworks",
					"@executable_path/../../../../Frameworks",
				);
				OTHER_LDFLAGS = (
					"-framework",
					SafariServices,
				);
				PRODUCT_BUNDLE_IDENTIFIER = "com.sindresorhus.Refined-GitHub.Extension";
				PRODUCT_NAME = "Refined GitHub Extension";
				SDKROOT = macosx;
				SKIP_INSTALL = YES;
				SWIFT_EMIT_LOC_STRINGS = YES;
				SWIFT_VERSION = 5.0;
			};
			name = Debug;
		};
		E35EB50026F36E0900DDEA60 /* Release */ = {
			isa = XCBuildConfiguration;
			buildSettings = {
				CODE_SIGN_ENTITLEMENTS = "macOS (Extension)/Refined GitHub.entitlements";
				CODE_SIGN_IDENTITY = "-";
				CODE_SIGN_STYLE = Automatic;
				ENABLE_HARDENED_RUNTIME = YES;
				GENERATE_INFOPLIST_FILE = YES;
				INFOPLIST_FILE = "macOS (Extension)/Info.plist";
				INFOPLIST_KEY_CFBundleDisplayName = "Refined GitHub Extension";
				INFOPLIST_KEY_NSHumanReadableCopyright = "";
				LD_RUNPATH_SEARCH_PATHS = (
					"$(inherited)",
					"@executable_path/../Frameworks",
					"@executable_path/../../../../Frameworks",
				);
				OTHER_LDFLAGS = (
					"-framework",
					SafariServices,
				);
				PRODUCT_BUNDLE_IDENTIFIER = "com.sindresorhus.Refined-GitHub.Extension";
				PRODUCT_NAME = "Refined GitHub Extension";
				SDKROOT = macosx;
				SKIP_INSTALL = YES;
				SWIFT_EMIT_LOC_STRINGS = YES;
				SWIFT_VERSION = 5.0;
			};
			name = Release;
		};
		E35EB50326F36E0900DDEA60 /* Debug */ = {
			isa = XCBuildConfiguration;
			buildSettings = {
				ALWAYS_EMBED_SWIFT_STANDARD_LIBRARIES = YES;
				ASSETCATALOG_COMPILER_APPICON_NAME = AppIcon;
				ASSETCATALOG_COMPILER_GLOBAL_ACCENT_COLOR_NAME = AccentColor;
				CODE_SIGN_ENTITLEMENTS = "macOS (App)/Refined GitHub.entitlements";
				CODE_SIGN_IDENTITY = "-";
				CODE_SIGN_STYLE = Automatic;
				ENABLE_HARDENED_RUNTIME = YES;
				GENERATE_INFOPLIST_FILE = YES;
				INFOPLIST_FILE = "macOS (App)/Info.plist";
				INFOPLIST_KEY_CFBundleDisplayName = "Refined GitHub";
				INFOPLIST_KEY_LSApplicationCategoryType = "public.app-category.developer-tools";
				INFOPLIST_KEY_NSMainStoryboardFile = Main;
				INFOPLIST_KEY_NSPrincipalClass = NSApplication;
				LD_RUNPATH_SEARCH_PATHS = (
					"$(inherited)",
					"@executable_path/../Frameworks",
				);
				OTHER_LDFLAGS = (
					"-framework",
					SafariServices,
					"-framework",
					WebKit,
				);
				PRODUCT_BUNDLE_IDENTIFIER = "com.sindresorhus.Refined-GitHub";
				PRODUCT_NAME = "Refined GitHub";
				SDKROOT = macosx;
				SWIFT_EMIT_LOC_STRINGS = YES;
				SWIFT_VERSION = 5.0;
			};
			name = Debug;
		};
		E35EB50426F36E0900DDEA60 /* Release */ = {
			isa = XCBuildConfiguration;
			buildSettings = {
				ALWAYS_EMBED_SWIFT_STANDARD_LIBRARIES = YES;
				ASSETCATALOG_COMPILER_APPICON_NAME = AppIcon;
				ASSETCATALOG_COMPILER_GLOBAL_ACCENT_COLOR_NAME = AccentColor;
				CODE_SIGN_ENTITLEMENTS = "macOS (App)/Refined GitHub.entitlements";
				CODE_SIGN_IDENTITY = "-";
				CODE_SIGN_STYLE = Automatic;
				ENABLE_HARDENED_RUNTIME = YES;
				GENERATE_INFOPLIST_FILE = YES;
				INFOPLIST_FILE = "macOS (App)/Info.plist";
				INFOPLIST_KEY_CFBundleDisplayName = "Refined GitHub";
				INFOPLIST_KEY_LSApplicationCategoryType = "public.app-category.developer-tools";
				INFOPLIST_KEY_NSMainStoryboardFile = Main;
				INFOPLIST_KEY_NSPrincipalClass = NSApplication;
				LD_RUNPATH_SEARCH_PATHS = (
					"$(inherited)",
					"@executable_path/../Frameworks",
				);
				OTHER_LDFLAGS = (
					"-framework",
					SafariServices,
					"-framework",
					WebKit,
				);
				PRODUCT_BUNDLE_IDENTIFIER = "com.sindresorhus.Refined-GitHub";
				PRODUCT_NAME = "Refined GitHub";
				SDKROOT = macosx;
				SWIFT_EMIT_LOC_STRINGS = YES;
				SWIFT_VERSION = 5.0;
			};
			name = Release;
		};
/* End XCBuildConfiguration section */

/* Begin XCConfigurationList section */
		E35EB4A726F36E0700DDEA60 /* Build configuration list for PBXProject "Refined GitHub" */ = {
			isa = XCConfigurationList;
			buildConfigurations = (
				E35EB4F526F36E0900DDEA60 /* Debug */,
				E35EB4F626F36E0900DDEA60 /* Release */,
			);
			defaultConfigurationIsVisible = 0;
			defaultConfigurationName = Release;
		};
		E35EB4F726F36E0900DDEA60 /* Build configuration list for PBXNativeTarget "Refined GitHub Extension (iOS)" */ = {
			isa = XCConfigurationList;
			buildConfigurations = (
				E35EB4F826F36E0900DDEA60 /* Debug */,
				E35EB4F926F36E0900DDEA60 /* Release */,
			);
			defaultConfigurationIsVisible = 0;
			defaultConfigurationName = Release;
		};
		E35EB4FB26F36E0900DDEA60 /* Build configuration list for PBXNativeTarget "Refined GitHub (iOS)" */ = {
			isa = XCConfigurationList;
			buildConfigurations = (
				E35EB4FC26F36E0900DDEA60 /* Debug */,
				E35EB4FD26F36E0900DDEA60 /* Release */,
			);
			defaultConfigurationIsVisible = 0;
			defaultConfigurationName = Release;
		};
		E35EB4FE26F36E0900DDEA60 /* Build configuration list for PBXNativeTarget "Refined GitHub Extension (macOS)" */ = {
			isa = XCConfigurationList;
			buildConfigurations = (
				E35EB4FF26F36E0900DDEA60 /* Debug */,
				E35EB50026F36E0900DDEA60 /* Release */,
			);
			defaultConfigurationIsVisible = 0;
			defaultConfigurationName = Release;
		};
		E35EB50226F36E0900DDEA60 /* Build configuration list for PBXNativeTarget "Refined GitHub (macOS)" */ = {
			isa = XCConfigurationList;
			buildConfigurations = (
				E35EB50326F36E0900DDEA60 /* Debug */,
				E35EB50426F36E0900DDEA60 /* Release */,
			);
			defaultConfigurationIsVisible = 0;
			defaultConfigurationName = Release;
		};
/* End XCConfigurationList section */
	};
	rootObject = E35EB4A426F36E0700DDEA60 /* Project object */;
}
